# THIS IS AN AUTOGENERATED FILE. DO NOT EDIT THIS FILE DIRECTLY.
# yarn lockfile v1


"@babel/runtime@^7.18.6":
  version "7.25.0"
  resolved "https://registry.npmmirror.com/@babel/runtime/-/runtime-7.25.0.tgz#3af9a91c1b739c569d5d80cc917280919c544ecb"
  integrity sha512-7dRy4DwXwtzBrPbZflqxnvfxLF8kdZXPkhymtDeFoFqE6ldzjQFgYTtYIFARcLEYDrqfBfYcZt1WqFxRoyC9Rw==
  dependencies:
    regenerator-runtime "^0.14.0"

"@micro-zoe/micro-app@^1.0.0-rc.6":
  version "1.0.0-rc.6"
  resolved "https://registry.npmmirror.com/@micro-zoe/micro-app/-/micro-app-1.0.0-rc.6.tgz#5bf9165774cb785a957cc58654e25026aca9ee00"
  integrity sha512-5HrbNXBciPbSifZthFdIjOpeZZ0SD8zvvY7+0VRxbA9RDL9JJo81PsoYxoDKh895fsGd8ZFHiaSc0X5cuQHPhg==

regenerator-runtime@^0.14.0:
  version "0.14.1"
  resolved "https://registry.npmmirror.com/regenerator-runtime/-/regenerator-runtime-0.14.1.tgz#356ade10263f685dda125100cd862c1db895327f"
  integrity sha512-dYnhHh0nJoMfnkZs6GmmhFknAGRrLznOu5nc9ML+EJxGvrx6H7teuevqVqCuPcPK//3eDrrjQhehXVx9cnkGdw==

wujie@^1.0.22:
  version "1.0.22"
  resolved "https://registry.npmmirror.com/wujie/-/wujie-1.0.22.tgz#15722d07a385c99e93549f8e84aba1af973dc86b"
  integrity sha512-gzx13fp9hgTHdV9XetkVmp794uDSR93Zs9jLr891RaWRuMiLFoxh3Pe4qbmW604SxI8nMTHeIRydbgC7YxQ50Q==
  dependencies:
    "@babel/runtime" "^7.18.6"
